{
  "version": 1,
  "dependencies": {
    "net10.0-windows7.0": {
      "Briosa.Installer": {
        "type": "Project",
        "dependencies": {
          "Briosa.Installer.Core": "[0.1.0-dev, )"
        }
      },
      "briosa.installer.core": {
        "type": "Project"
      }
    },
    "net10.0-windows7.0/win-x64": {}
  }
}